<?xml version="1.0" encoding="utf-8"?>
<Project ToolsVersion="4.0" xmlns="http://schemas.microsoft.com/developer/msbuild/2003">
  <ItemGroup>
    <Filter Include="Исходные файлы">
      <UniqueIdentifier>{4FC737F1-C7A5-4376-A066-2A32D752A2FF}</UniqueIdentifier>
      <Extensions>cpp;c;cc;cxx;c++;cppm;ixx;def;odl;idl;hpj;bat;asm;asmx</Extensions>
    </Filter>
    <Filter Include="Файлы заголовков">
      <UniqueIdentifier>{93995380-89BD-4b04-88EB-625FBE52EBFB}</UniqueIdentifier>
      <Extensions>h;hh;hpp;hxx;h++;hm;inl;inc;ipp;xsd</Extensions>
    </Filter>
    <Filter Include="Файлы ресурсов">
      <UniqueIdentifier>{67DA6AB6-F800-4c08-8B7A-83BB121AAD01}</UniqueIdentifier>
      <Extensions>rc;ico;cur;bmp;dlg;rc2;rct;bin;rgs;gif;jpg;jpeg;jpe;resx;tiff;tif;png;wav;mfcribbon-ms</Extensions>
    </Filter>
  </ItemGroup>
  <ItemGroup>
    <ClInclude Include="tests\test_marshalling.h">
      <Filter>Файлы заголовков</Filter>
    </ClInclude>
    <ClInclude Include="tests\tests.h">
      <Filter>Файлы заголовков</Filter>
    </ClInclude>
    <ClInclude Include="src\Autoarr\Autoarr.h">
      <Filter>Файлы заголовков</Filter>
    </ClInclude>
    <ClInclude Include="src\Autoarr\Autoarr_declare.h">
      <Filter>Файлы заголовков</Filter>
    </ClInclude>
    <ClInclude Include="src\Autoarr\Autoarr_define.h">
      <Filter>Файлы заголовков</Filter>
    </ClInclude>
    <ClInclude Include="src\base\base.h">
      <Filter>Файлы заголовков</Filter>
    </ClInclude>
    <ClInclude Include="src\base\cptr.h">
      <Filter>Файлы заголовков</Filter>
    </ClInclude>
    <ClInclude Include="src\base\errors.h">
      <Filter>Файлы заголовков</Filter>
    </ClInclude>
    <ClInclude Include="src\base\std.h">
      <Filter>Файлы заголовков</Filter>
    </ClInclude>
    <ClInclude Include="src\base\types.h">
      <Filter>Файлы заголовков</Filter>
    </ClInclude>
    <ClInclude Include="src\DtsodParser\DtsodV24.h">
      <Filter>Файлы заголовков</Filter>
    </ClInclude>
    <ClInclude Include="src\Hashtable\hash.h">
      <Filter>Файлы заголовков</Filter>
    </ClInclude>
    <ClInclude Include="src\Hashtable\Hashtable.h">
      <Filter>Файлы заголовков</Filter>
    </ClInclude>
    <ClInclude Include="src\Hashtable\KeyValuePair.h">
      <Filter>Файлы заголовков</Filter>
    </ClInclude>
    <ClInclude Include="src\Network\network.h">
      <Filter>Файлы заголовков</Filter>
    </ClInclude>
    <ClInclude Include="src\SearchTree\SearchTree.h">
      <Filter>Файлы заголовков</Filter>
    </ClInclude>
    <ClInclude Include="src\String\string.h">
      <Filter>Файлы заголовков</Filter>
    </ClInclude>
    <ClInclude Include="src\String\StringBuilder.h">
      <Filter>Файлы заголовков</Filter>
    </ClInclude>
  </ItemGroup>
  <ItemGroup>
    <ClCompile Include="tests\main.c">
      <Filter>Исходные файлы</Filter>
    </ClCompile>
    <ClCompile Include="tests\test_autoarr.c">
      <Filter>Исходные файлы</Filter>
    </ClCompile>
    <ClCompile Include="tests\test_dtsod.c">
      <Filter>Исходные файлы</Filter>
    </ClCompile>
    <ClCompile Include="tests\test_hashtable.c">
      <Filter>Исходные файлы</Filter>
    </ClCompile>
    <ClCompile Include="tests\test_searchtree.c">
      <Filter>Исходные файлы</Filter>
    </ClCompile>
    <ClCompile Include="tests\test_string.c">
      <Filter>Исходные файлы</Filter>
    </ClCompile>
    <ClCompile Include="tests\test_marshalling.c">
      <Filter>Исходные файлы</Filter>
    </ClCompile>
    <ClCompile Include="tests\test_safethrow.c">
      <Filter>Исходные файлы</Filter>
    </ClCompile>
    <ClCompile Include="src\Autoarr\Autoarr.c">
      <Filter>Исходные файлы</Filter>
    </ClCompile>
    <ClCompile Include="src\Autoarr\Autoarr_KVPair_exported.c">
      <Filter>Исходные файлы</Filter>
    </ClCompile>
    <ClCompile Include="src\Autoarr\Autoarr_Unitype_exported.c">
      <Filter>Исходные файлы</Filter>
    </ClCompile>
    <ClCompile Include="src\base\cptr.c">
      <Filter>Исходные файлы</Filter>
    </ClCompile>
    <ClCompile Include="src\base\errors.c">
      <Filter>Исходные файлы</Filter>
    </ClCompile>
    <ClCompile Include="src\base\types.c">
      <Filter>Исходные файлы</Filter>
    </ClCompile>
    <ClCompile Include="src\DtsodParser\DtsodV24.c">
      <Filter>Исходные файлы</Filter>
    </ClCompile>
    <ClCompile Include="src\DtsodParser\DtsodV24_deserialize.c">
      <Filter>Исходные файлы</Filter>
    </ClCompile>
    <ClCompile Include="src\DtsodParser\DtsodV24_exported.c">
      <Filter>Исходные файлы</Filter>
    </ClCompile>
    <ClCompile Include="src\DtsodParser\DtsodV24_serialize.c">
      <Filter>Исходные файлы</Filter>
    </ClCompile>
    <ClCompile Include="src\Hashtable\hash.c">
      <Filter>Исходные файлы</Filter>
    </ClCompile>
    <ClCompile Include="src\Hashtable\Hashtable.c">
      <Filter>Исходные файлы</Filter>
    </ClCompile>
    <ClCompile Include="src\Hashtable\KeyValuePair.c">
      <Filter>Исходные файлы</Filter>
    </ClCompile>
    <ClCompile Include="src\Network\knSocket.c">
      <Filter>Исходные файлы</Filter>
    </ClCompile>
    <ClCompile Include="src\SearchTree\SearchTree.c">
      <Filter>Исходные файлы</Filter>
    </ClCompile>
    <ClCompile Include="src\String\string.c">
      <Filter>Исходные файлы</Filter>
    </ClCompile>
    <ClCompile Include="src\String\StringBuilder.c">
      <Filter>Исходные файлы</Filter>
    </ClCompile>
  </ItemGroup>
</Project>